// !$*UTF8*$!
{
	archiveVersion = 1;
	classes = {
	};
	objectVersion = 46;
	objects = {

/* Begin PBXBuildFile section */
		ECD5B9F819A19FE500F6D130 /* Foundation.framework in Frameworks */ = {isa = PBXBuildFile; fileRef = ECD5B9F719A19FE500F6D130 /* Foundation.framework */; };
		ECD5B9FA19A19FE500F6D130 /* CoreGraphics.framework in Frameworks */ = {isa = PBXBuildFile; fileRef = ECD5B9F919A19FE500F6D130 /* CoreGraphics.framework */; };
		ECD5B9FC19A19FE500F6D130 /* UIKit.framework in Frameworks */ = {isa = PBXBuildFile; fileRef = ECD5B9FB19A19FE500F6D130 /* UIKit.framework */; };
		ECD5B9FE19A19FE500F6D130 /* CoreData.framework in Frameworks */ = {isa = PBXBuildFile; fileRef = ECD5B9FD19A19FE500F6D130 /* CoreData.framework */; };
		ECD5BA0419A19FE500F6D130 /* InfoPlist.strings in Resources */ = {isa = PBXBuildFile; fileRef = ECD5BA0219A19FE500F6D130 /* InfoPlist.strings */; };
		ECD5BA0619A19FE500F6D130 /* main.m in Sources */ = {isa = PBXBuildFile; fileRef = ECD5BA0519A19FE500F6D130 /* main.m */; };
		ECD5BA0A19A19FE500F6D130 /* AppDelegate.m in Sources */ = {isa = PBXBuildFile; fileRef = ECD5BA0919A19FE500F6D130 /* AppDelegate.m */; };
		ECD5BA0D19A19FE500F6D130 /* paperDemo.xcdatamodeld in Sources */ = {isa = PBXBuildFile; fileRef = ECD5BA0B19A19FE500F6D130 /* paperDemo.xcdatamodeld */; };
		ECD5BA0F19A19FE500F6D130 /* Images.xcassets in Resources */ = {isa = PBXBuildFile; fileRef = ECD5BA0E19A19FE500F6D130 /* Images.xcassets */; };
		ECD5BA1619A19FE500F6D130 /* XCTest.framework in Frameworks */ = {isa = PBXBuildFile; fileRef = ECD5BA1519A19FE500F6D130 /* XCTest.framework */; };
		ECD5BA1719A19FE500F6D130 /* Foundation.framework in Frameworks */ = {isa = PBXBuildFile; fileRef = ECD5B9F719A19FE500F6D130 /* Foundation.framework */; };
		ECD5BA1819A19FE500F6D130 /* UIKit.framework in Frameworks */ = {isa = PBXBuildFile; fileRef = ECD5B9FB19A19FE500F6D130 /* UIKit.framework */; };
		ECD5BA1919A19FE500F6D130 /* CoreData.framework in Frameworks */ = {isa = PBXBuildFile; fileRef = ECD5B9FD19A19FE500F6D130 /* CoreData.framework */; };
		ECD5BA2119A19FE500F6D130 /* InfoPlist.strings in Resources */ = {isa = PBXBuildFile; fileRef = ECD5BA1F19A19FE500F6D130 /* InfoPlist.strings */; };
		ECD5BA2319A19FE500F6D130 /* paperDemoTests.m in Sources */ = {isa = PBXBuildFile; fileRef = ECD5BA2219A19FE500F6D130 /* paperDemoTests.m */; };
		ECD5BA2E19A1A00F00F6D130 /* PaperViewController.m in Sources */ = {isa = PBXBuildFile; fileRef = ECD5BA2D19A1A00F00F6D130 /* PaperViewController.m */; };
		ECD5BA3119A1A11000F6D130 /* Pepar.m in Sources */ = {isa = PBXBuildFile; fileRef = ECD5BA3019A1A11000F6D130 /* Pepar.m */; };
/* End PBXBuildFile section */

/* Begin PBXContainerItemProxy section */
		ECD5BA1A19A19FE500F6D130 /* PBXContainerItemProxy */ = {
			isa = PBXContainerItemProxy;
			containerPortal = ECD5B9EC19A19FE500F6D130 /* Project object */;
			proxyType = 1;
			remoteGlobalIDString = ECD5B9F319A19FE500F6D130;
			remoteInfo = paperDemo;
		};
/* End PBXContainerItemProxy section */

/* Begin PBXFileReference section */
		ECD5B9F419A19FE500F6D130 /* paperDemo.app */ = {isa = PBXFileReference; explicitFileType = wrapper.application; includeInIndex = 0; path = paperDemo.app; sourceTree = BUILT_PRODUCTS_DIR; };
		ECD5B9F719A19FE500F6D130 /* Foundation.framework */ = {isa = PBXFileReference; lastKnownFileType = wrapper.framework; name = Foundation.framework; path = System/Library/Frameworks/Foundation.framework; sourceTree = SDKROOT; };
		ECD5B9F919A19FE500F6D130 /* CoreGraphics.framework */ = {isa = PBXFileReference; lastKnownFileType = wrapper.framework; name = CoreGraphics.framework; path = System/Library/Frameworks/CoreGraphics.framework; sourceTree = SDKROOT; };
		ECD5B9FB19A19FE500F6D130 /* UIKit.framework */ = {isa = PBXFileReference; lastKnownFileType = wrapper.framework; name = UIKit.framework; path = System/Library/Frameworks/UIKit.framework; sourceTree = SDKROOT; };
		ECD5B9FD19A19FE500F6D130 /* CoreData.framework */ = {isa = PBXFileReference; lastKnownFileType = wrapper.framework; name = CoreData.framework; path = System/Library/Frameworks/CoreData.framework; sourceTree = SDKROOT; };
		ECD5BA0119A19FE500F6D130 /* paperDemo-Info.plist */ = {isa = PBXFileReference; lastKnownFileType = text.plist.xml; path = "paperDemo-Info.plist"; sourceTree = "<group>"; };
		ECD5BA0319A19FE500F6D130 /* en */ = {isa = PBXFileReference; lastKnownFileType = text.plist.strings; name = en; path = en.lproj/InfoPlist.strings; sourceTree = "<group>"; };
		ECD5BA0519A19FE500F6D130 /* main.m */ = {isa = PBXFileReference; lastKnownFileType = sourcecode.c.objc; path = main.m; sourceTree = "<group>"; };
		ECD5BA0719A19FE500F6D130 /* paperDemo-Prefix.pch */ = {isa = PBXFileReference; lastKnownFileType = sourcecode.c.h; path = "paperDemo-Prefix.pch"; sourceTree = "<group>"; };
		ECD5BA0819A19FE500F6D130 /* AppDelegate.h */ = {isa = PBXFileReference; lastKnownFileType = sourcecode.c.h; path = AppDelegate.h; sourceTree = "<group>"; };
		ECD5BA0919A19FE500F6D130 /* AppDelegate.m */ = {isa = PBXFileReference; lastKnownFileType = sourcecode.c.objc; path = AppDelegate.m; sourceTree = "<group>"; };
		ECD5BA0C19A19FE500F6D130 /* paperDemo.xcdatamodel */ = {isa = PBXFileReference; lastKnownFileType = wrapper.xcdatamodel; path = paperDemo.xcdatamodel; sourceTree = "<group>"; };
		ECD5BA0E19A19FE500F6D130 /* Images.xcassets */ = {isa = PBXFileReference; lastKnownFileType = folder.assetcatalog; path = Images.xcassets; sourceTree = "<group>"; };
		ECD5BA1419A19FE500F6D130 /* paperDemoTests.xctest */ = {isa = PBXFileReference; explicitFileType = wrapper.cfbundle; includeInIndex = 0; path = paperDemoTests.xctest; sourceTree = BUILT_PRODUCTS_DIR; };
		ECD5BA1519A19FE500F6D130 /* XCTest.framework */ = {isa = PBXFileReference; lastKnownFileType = wrapper.framework; name = XCTest.framework; path = Library/Frameworks/XCTest.framework; sourceTree = DEVELOPER_DIR; };
		ECD5BA1E19A19FE500F6D130 /* paperDemoTests-Info.plist */ = {isa = PBXFileReference; lastKnownFileType = text.plist.xml; path = "paperDemoTests-Info.plist"; sourceTree = "<group>"; };
		ECD5BA2019A19FE500F6D130 /* en */ = {isa = PBXFileReference; lastKnownFileType = text.plist.strings; name = en; path = en.lproj/InfoPlist.strings; sourceTree = "<group>"; };
		ECD5BA2219A19FE500F6D130 /* paperDemoTests.m */ = {isa = PBXFileReference; lastKnownFileType = sourcecode.c.objc; path = paperDemoTests.m; sourceTree = "<group>"; };
		ECD5BA2C19A1A00F00F6D130 /* PaperViewController.h */ = {isa = PBXFileReference; fileEncoding = 4; lastKnownFileType = sourcecode.c.h; path = PaperViewController.h; sourceTree = "<group>"; };
		ECD5BA2D19A1A00F00F6D130 /* PaperViewController.m */ = {isa = PBXFileReference; fileEncoding = 4; lastKnownFileType = sourcecode.c.objc; path = PaperViewController.m; sourceTree = "<group>"; };
		ECD5BA2F19A1A11000F6D130 /* Pepar.h */ = {isa = PBXFileReference; fileEncoding = 4; lastKnownFileType = sourcecode.c.h; path = Pepar.h; sourceTree = "<group>"; };
		ECD5BA3019A1A11000F6D130 /* Pepar.m */ = {isa = PBXFileReference; fileEncoding = 4; lastKnownFileType = sourcecode.c.objc; path = Pepar.m; sourceTree = "<group>"; };
/* End PBXFileReference section */

/* Begin PBXFrameworksBuildPhase section */
		ECD5B9F119A19FE500F6D130 /* Frameworks */ = {
			isa = PBXFrameworksBuildPhase;
			buildActionMask = 2147483647;
			files = (
				ECD5B9FA19A19FE500F6D130 /* CoreGraphics.framework in Frameworks */,
				ECD5B9FE19A19FE500F6D130 /* CoreData.framework in Frameworks */,
				ECD5B9FC19A19FE500F6D130 /* UIKit.framework in Frameworks */,
				ECD5B9F819A19FE500F6D130 /* Foundation.framework in Frameworks */,
			);
			runOnlyForDeploymentPostprocessing = 0;
		};
		ECD5BA1119A19FE500F6D130 /* Frameworks */ = {
			isa = PBXFrameworksBuildPhase;
			buildActionMask = 2147483647;
			files = (
				ECD5BA1619A19FE500F6D130 /* XCTest.framework in Frameworks */,
				ECD5BA1919A19FE500F6D130 /* CoreData.framework in Frameworks */,
				ECD5BA1819A19FE500F6D130 /* UIKit.framework in Frameworks */,
				ECD5BA1719A19FE500F6D130 /* Foundation.framework in Frameworks */,
			);
			runOnlyForDeploymentPostprocessing = 0;
		};
/* End PBXFrameworksBuildPhase section */

/* Begin PBXGroup section */
		ECD5B9EB19A19FE500F6D130 = {
			isa = PBXGroup;
			children = (
				ECD5B9FF19A19FE500F6D130 /* paperDemo */,
				ECD5BA1C19A19FE500F6D130 /* paperDemoTests */,
				ECD5B9F619A19FE500F6D130 /* Frameworks */,
				ECD5B9F519A19FE500F6D130 /* Products */,
			);
			sourceTree = "<group>";
		};
		ECD5B9F519A19FE500F6D130 /* Products */ = {
			isa = PBXGroup;
			children = (
				ECD5B9F419A19FE500F6D130 /* paperDemo.app */,
				ECD5BA1419A19FE500F6D130 /* paperDemoTests.xctest */,
			);
			name = Products;
			sourceTree = "<group>";
		};
		ECD5B9F619A19FE500F6D130 /* Frameworks */ = {
			isa = PBXGroup;
			children = (
				ECD5B9F719A19FE500F6D130 /* Foundation.framework */,
				ECD5B9F919A19FE500F6D130 /* CoreGraphics.framework */,
				ECD5B9FB19A19FE500F6D130 /* UIKit.framework */,
				ECD5B9FD19A19FE500F6D130 /* CoreData.framework */,
				ECD5BA1519A19FE500F6D130 /* XCTest.framework */,
			);
			name = Frameworks;
			sourceTree = "<group>";
		};
		ECD5B9FF19A19FE500F6D130 /* paperDemo */ = {
			isa = PBXGroup;
			children = (
				ECD5BA0819A19FE500F6D130 /* AppDelegate.h */,
				ECD5BA0919A19FE500F6D130 /* AppDelegate.m */,
				ECD5BA2C19A1A00F00F6D130 /* PaperViewController.h */,
				ECD5BA2D19A1A00F00F6D130 /* PaperViewController.m */,
				ECD5BA2F19A1A11000F6D130 /* Pepar.h */,
				ECD5BA3019A1A11000F6D130 /* Pepar.m */,
				ECD5BA0E19A19FE500F6D130 /* Images.xcassets */,
				ECD5BA0B19A19FE500F6D130 /* paperDemo.xcdatamodeld */,
				ECD5BA0019A19FE500F6D130 /* Supporting Files */,
			);
			path = paperDemo;
			sourceTree = "<group>";
		};
		ECD5BA0019A19FE500F6D130 /* Supporting Files */ = {
			isa = PBXGroup;
			children = (
				ECD5BA0119A19FE500F6D130 /* paperDemo-Info.plist */,
				ECD5BA0219A19FE500F6D130 /* InfoPlist.strings */,
				ECD5BA0519A19FE500F6D130 /* main.m */,
				ECD5BA0719A19FE500F6D130 /* paperDemo-Prefix.pch */,
			);
			name = "Supporting Files";
			sourceTree = "<group>";
		};
		ECD5BA1C19A19FE500F6D130 /* paperDemoTests */ = {
			isa = PBXGroup;
			children = (
				ECD5BA2219A19FE500F6D130 /* paperDemoTests.m */,
				ECD5BA1D19A19FE500F6D130 /* Supporting Files */,
			);
			path = paperDemoTests;
			sourceTree = "<group>";
		};
		ECD5BA1D19A19FE500F6D130 /* Supporting Files */ = {
			isa = PBXGroup;
			children = (
				ECD5BA1E19A19FE500F6D130 /* paperDemoTests-Info.plist */,
				ECD5BA1F19A19FE500F6D130 /* InfoPlist.strings */,
			);
			name = "Supporting Files";
			sourceTree = "<group>";
		};
/* End PBXGroup section */

/* Begin PBXNativeTarget section */
		ECD5B9F319A19FE500F6D130 /* paperDemo */ = {
			isa = PBXNativeTarget;
			buildConfigurationList = ECD5BA2619A19FE500F6D130 /* Build configuration list for PBXNativeTarget "paperDemo" */;
			buildPhases = (
				ECD5B9F019A19FE500F6D130 /* Sources */,
				ECD5B9F119A19FE500F6D130 /* Frameworks */,
				ECD5B9F219A19FE500F6D130 /* Resources */,
			);
			buildRules = (
			);
			dependencies = (
			);
			name = paperDemo;
			productName = paperDemo;
			productReference = ECD5B9F419A19FE500F6D130 /* paperDemo.app */;
			productType = "com.apple.product-type.application";
		};
		ECD5BA1319A19FE500F6D130 /* paperDemoTests */ = {
			isa = PBXNativeTarget;
			buildConfigurationList = ECD5BA2919A19FE500F6D130 /* Build configuration list for PBXNativeTarget "paperDemoTests" */;
			buildPhases = (
				ECD5BA1019A19FE500F6D130 /* Sources */,
				ECD5BA1119A19FE500F6D130 /* Frameworks */,
				ECD5BA1219A19FE500F6D130 /* Resources */,
			);
			buildRules = (
			);
			dependencies = (
				ECD5BA1B19A19FE500F6D130 /* PBXTargetDependency */,
			);
			name = paperDemoTests;
			productName = paperDemoTests;
			productReference = ECD5BA1419A19FE500F6D130 /* paperDemoTests.xctest */;
			productType = "com.apple.product-type.bundle.unit-test";
		};
/* End PBXNativeTarget section */

/* Begin PBXProject section */
		ECD5B9EC19A19FE500F6D130 /* Project object */ = {
			isa = PBXProject;
			attributes = {
				LastUpgradeCheck = 0510;
				ORGANIZATIONNAME = denty;
				TargetAttributes = {
					ECD5BA1319A19FE500F6D130 = {
						TestTargetID = ECD5B9F319A19FE500F6D130;
					};
				};
			};
			buildConfigurationList = ECD5B9EF19A19FE500F6D130 /* Build configuration list for PBXProject "paperDemo" */;
			compatibilityVersion = "Xcode 3.2";
			developmentRegion = English;
			hasScannedForEncodings = 0;
			knownRegions = (
				en,
			);
			mainGroup = ECD5B9EB19A19FE500F6D130;
			productRefGroup = ECD5B9F519A19FE500F6D130 /* Products */;
			projectDirPath = "";
			projectRoot = "";
			targets = (
				ECD5B9F319A19FE500F6D130 /* paperDemo */,
				ECD5BA1319A19FE500F6D130 /* paperDemoTests */,
			);
		};
/* End PBXProject section */

/* Begin PBXResourcesBuildPhase section */
		ECD5B9F219A19FE500F6D130 /* Resources */ = {
			isa = PBXResourcesBuildPhase;
			buildActionMask = 2147483647;
			files = (
				ECD5BA0419A19FE500F6D130 /* InfoPlist.strings in Resources */,
				ECD5BA0F19A19FE500F6D130 /* Images.xcassets in Resources */,
			);
			runOnlyForDeploymentPostprocessing = 0;
		};
		ECD5BA1219A19FE500F6D130 /* Resources */ = {
			isa = PBXResourcesBuildPhase;
			buildActionMask = 2147483647;
			files = (
				ECD5BA2119A19FE500F6D130 /* InfoPlist.strings in Resources */,
			);
			runOnlyForDeploymentPostprocessing = 0;
		};
/* End PBXResourcesBuildPhase section */

/* Begin PBXSourcesBuildPhase section */
		ECD5B9F019A19FE500F6D130 /* Sources */ = {
			isa = PBXSourcesBuildPhase;
			buildActionMask = 2147483647;
			files = (
				ECD5BA0D19A19FE500F6D130 /* paperDemo.xcdatamodeld in Sources */,
				ECD5BA0A19A19FE500F6D130 /* AppDelegate.m in Sources */,
				ECD5BA0619A19FE500F6D130 /* main.m in Sources */,
				ECD5BA3119A1A11000F6D130 /* Pepar.m in Sources */,
				ECD5BA2E19A1A00F00F6D130 /* PaperViewController.m in Sources */,
			);
			runOnlyForDeploymentPostprocessing = 0;
		};
		ECD5BA1019A19FE500F6D130 /* Sources */ = {
			isa = PBXSourcesBuildPhase;
			buildActionMask = 2147483647;
			files = (
				ECD5BA2319A19FE500F6D130 /* paperDemoTests.m in Sources */,
			);
			runOnlyForDeploymentPostprocessing = 0;
		};
/* End PBXSourcesBuildPhase section */

/* Begin PBXTargetDependency section */
		ECD5BA1B19A19FE500F6D130 /* PBXTargetDependency */ = {
			isa = PBXTargetDependency;
			target = ECD5B9F319A19FE500F6D130 /* paperDemo */;
			targetProxy = ECD5BA1A19A19FE500F6D130 /* PBXContainerItemProxy */;
		};
/* End PBXTargetDependency section */

/* Begin PBXVariantGroup section */
		ECD5BA0219A19FE500F6D130 /* InfoPlist.strings */ = {
			isa = PBXVariantGroup;
			children = (
				ECD5BA0319A19FE500F6D130 /* en */,
			);
			name = InfoPlist.strings;
			sourceTree = "<group>";
		};
		ECD5BA1F19A19FE500F6D130 /* InfoPlist.strings */ = {
			isa = PBXVariantGroup;
			children = (
				ECD5BA2019A19FE500F6D130 /* en */,
			);
			name = InfoPlist.strings;
			sourceTree = "<group>";
		};
/* End PBXVariantGroup section */

/* Begin XCBuildConfiguration section */
		ECD5BA2419A19FE500F6D130 /* Debug */ = {
			isa = XCBuildConfiguration;
			buildSettings = {
				ALWAYS_SEARCH_USER_PATHS = NO;
				CLANG_CXX_LANGUAGE_STANDARD = "gnu++0x";
				CLANG_CXX_LIBRARY = "libc++";
				CLANG_ENABLE_MODULES = YES;
				CLANG_ENABLE_OBJC_ARC = YES;
				CLANG_WARN_BOOL_CONVERSION = YES;
				CLANG_WARN_CONSTANT_CONVERSION = YES;
				CLANG_WARN_DIRECT_OBJC_ISA_USAGE = YES_ERROR;
				CLANG_WARN_EMPTY_BODY = YES;
				CLANG_WARN_ENUM_CONVERSION = YES;
				CLANG_WARN_INT_CONVERSION = YES;
				CLANG_WARN_OBJC_ROOT_CLASS = YES_ERROR;
				CLANG_WARN__DUPLICATE_METHOD_MATCH = YES;
				"CODE_SIGN_IDENTITY[sdk=iphoneos*]" = "iPhone Developer";
				COPY_PHASE_STRIP = NO;
				GCC_C_LANGUAGE_STANDARD = gnu99;
				GCC_DYNAMIC_NO_PIC = NO;
				GCC_OPTIMIZATION_LEVEL = 0;
				GCC_PREPROCESSOR_DEFINITIONS = (
					"DEBUG=1",
					"$(inherited)",
				);
				GCC_SYMBOLS_PRIVATE_EXTERN = NO;
				GCC_WARN_64_TO_32_BIT_CONVERSION = YES;
				GCC_WARN_ABOUT_RETURN_TYPE = YES_ERROR;
				GCC_WARN_UNDECLARED_SELECTOR = YES;
				GCC_WARN_UNINITIALIZED_AUTOS = YES_AGGRESSIVE;
				GCC_WARN_UNUSED_FUNCTION = YES;
				GCC_WARN_UNUSED_VARIABLE = YES;
				IPHONEOS_DEPLOYMENT_TARGET = 7.1;
				ONLY_ACTIVE_ARCH = YES;
				SDKROOT = iphoneos;
			};
			name = Debug;
		};
		ECD5BA2519A19FE500F6D130 /* Release */ = {
			isa = XCBuildConfiguration;
			buildSettings = {
				ALWAYS_SEARCH_USER_PATHS = NO;
				CLANG_CXX_LANGUAGE_STANDARD = "gnu++0x";
				CLANG_CXX_LIBRARY = "libc++";
				CLANG_ENABLE_MODULES = YES;
				CLANG_ENABLE_OBJC_ARC = YES;
				CLANG_WARN_BOOL_CONVERSION = YES;
				CLANG_WARN_CONSTANT_CONVERSION = YES;
				CLANG_WARN_DIRECT_OBJC_ISA_USAGE = YES_ERROR;
				CLANG_WARN_EMPTY_BODY = YES;
				CLANG_WARN_ENUM_CONVERSION = YES;
				CLANG_WARN_INT_CONVERSION = YES;
				CLANG_WARN_OBJC_ROOT_CLASS = YES_ERROR;
				CLANG_WARN__DUPLICATE_METHOD_MATCH = YES;
				"CODE_SIGN_IDENTITY[sdk=iphoneos*]" = "iPhone Developer";
				COPY_PHASE_STRIP = YES;
				ENABLE_NS_ASSERTIONS = NO;
				GCC_C_LANGUAGE_STANDARD = gnu99;
				GCC_WARN_64_TO_32_BIT_CONVERSION = YES;
				GCC_WARN_ABOUT_RETURN_TYPE = YES_ERROR;
				GCC_WARN_UNDECLARED_SELECTOR = YES;
				GCC_WARN_UNINITIALIZED_AUTOS = YES_AGGRESSIVE;
				GCC_WARN_UNUSED_FUNCTION = YES;
				GCC_WARN_UNUSED_VARIABLE = YES;
				IPHONEOS_DEPLOYMENT_TARGET = 7.1;
				SDKROOT = iphoneos;
				VALIDATE_PRODUCT = YES;
			};
			name = Release;
		};
		ECD5BA2719A19FE500F6D130 /* Debug */ = {
			isa = XCBuildConfiguration;
			buildSettings = {
				ASSETCATALOG_COMPILER_APPICON_NAME = AppIcon;
				ASSETCATALOG_COMPILER_LAUNCHIMAGE_NAME = LaunchImage;
				GCC_PRECOMPILE_PREFIX_HEADER = YES;
				GCC_PREFIX_HEADER = "paperDemo/paperDemo-Prefix.pch";
				INFOPLIST_FILE = "paperDemo/paperDemo-Info.plist";
				PRODUCT_NAME = "$(TARGET_NAME)";
				WRAPPER_EXTENSION = app;
			};
			name = Debug;
		};
		ECD5BA2819A19FE500F6D130 /* Release */ = {
			isa = XCBuildConfiguration;
			buildSettings = {
				ASSETCATALOG_COMPILER_APPICON_NAME = AppIcon;
				ASSETCATALOG_COMPILER_LAUNCHIMAGE_NAME = LaunchImage;
				GCC_PRECOMPILE_PREFIX_HEADER = YES;
				GCC_PREFIX_HEADER = "paperDemo/paperDemo-Prefix.pch";
				INFOPLIST_FILE = "paperDemo/paperDemo-Info.plist";
				PRODUCT_NAME = "$(TARGET_NAME)";
				WRAPPER_EXTENSION = app;
			};
			name = Release;
		};
		ECD5BA2A19A19FE500F6D130 /* Debug */ = {
			isa = XCBuildConfiguration;
			buildSettings = {
				BUNDLE_LOADER = "$(BUILT_PRODUCTS_DIR)/paperDemo.app/paperDemo";
				FRAMEWORK_SEARCH_PATHS = (
					"$(SDKROOT)/Developer/Library/Frameworks",
					"$(inherited)",
					"$(DEVELOPER_FRAMEWORKS_DIR)",
				);
				GCC_PRECOMPILE_PREFIX_HEADER = YES;
				GCC_PREFIX_HEADER = "paperDemo/paperDemo-Prefix.pch";
				GCC_PREPROCESSOR_DEFINITIONS = (
					"DEBUG=1",
					"$(inherited)",
				);
				INFOPLIST_FILE = "paperDemoTests/paperDemoTests-Info.plist";
				PRODUCT_NAME = "$(TARGET_NAME)";
				TEST_HOST = "$(BUNDLE_LOADER)";
				WRAPPER_EXTENSION = xctest;
			};
			name = Debug;
		};
		ECD5BA2B19A19FE500F6D130 /* Release */ = {
			isa = XCBuildConfiguration;
			buildSettings = {
				BUNDLE_LOADER = "$(BUILT_PRODUCTS_DIR)/paperDemo.app/paperDemo";
				FRAMEWORK_SEARCH_PATHS = (
					"$(SDKROOT)/Developer/Library/Frameworks",
					"$(inherited)",
					"$(DEVELOPER_FRAMEWORKS_DIR)",
				);
				GCC_PRECOMPILE_PREFIX_HEADER = YES;
				GCC_PREFIX_HEADER = "paperDemo/paperDemo-Prefix.pch";
				INFOPLIST_FILE = "paperDemoTests/paperDemoTests-Info.plist";
				PRODUCT_NAME = "$(TARGET_NAME)";
				TEST_HOST = "$(BUNDLE_LOADER)";
				WRAPPER_EXTENSION = xctest;
			};
			name = Release;
		};
/* End XCBuildConfiguration section */

/* Begin XCConfigurationList section */
		ECD5B9EF19A19FE500F6D130 /* Build configuration list for PBXProject "paperDemo" */ = {
			isa = XCConfigurationList;
			buildConfigurations = (
				ECD5BA2419A19FE500F6D130 /* Debug */,
				ECD5BA2519A19FE500F6D130 /* Release */,
			);
			defaultConfigurationIsVisible = 0;
			defaultConfigurationName = Release;
		};
		ECD5BA2619A19FE500F6D130 /* Build configuration list for PBXNativeTarget "paperDemo" */ = {
			isa = XCConfigurationList;
			buildConfigurations = (
				ECD5BA2719A19FE500F6D130 /* Debug */,
				ECD5BA2819A19FE500F6D130 /* Release */,
			);
			defaultConfigurationIsVisible = 0;
		};
		ECD5BA2919A19FE500F6D130 /* Build configuration list for PBXNativeTarget "paperDemoTests" */ = {
			isa = XCConfigurationList;
			buildConfigurations = (
				ECD5BA2A19A19FE500F6D130 /* Debug */,
				ECD5BA2B19A19FE500F6D130 /* Release */,
			);
			defaultConfigurationIsVisible = 0;
		};
/* End XCConfigurationList section */

/* Begin XCVersionGroup section */
		ECD5BA0B19A19FE500F6D130 /* paperDemo.xcdatamodeld */ = {
			isa = XCVersionGroup;
			children = (
				ECD5BA0C19A19FE500F6D130 /* paperDemo.xcdatamodel */,
			);
			currentVersion = ECD5BA0C19A19FE500F6D130 /* paperDemo.xcdatamodel */;
			path = paperDemo.xcdatamodeld;
			sourceTree = "<group>";
			versionGroupType = wrapper.xcdatamodel;
		};
/* End XCVersionGroup section */
	};
	rootObject = ECD5B9EC19A19FE500F6D130 /* Project object */;
}
